
Microsoft Visual Studio Solution File, Format Version 12.00
# Visual Studio Version 17
VisualStudioVersion = 17.10.35122.118
MinimumVisualStudioVersion = 10.0.40219.1
Project("{2150E333-8FDC-42A3-9474-1A3956D46DE8}") = "src", "src", "{3304BE2D-ACA1-47A1-920B-61286B5EB15E}"
EndProject
Project("{2150E333-8FDC-42A3-9474-1A3956D46DE8}") = "tests", "tests", "{3DCEE8A5-B690-4039-92FB-28CE1B5B2CDA}"
EndProject
Project("{9A19103F-16F7-4668-BE54-9A1E7A4F7556}") = "UnitTests", "tests\UnitTests\UnitTests.csproj", "{66AF0275-816F-49FA-B101-83714154869D}"
EndProject
Project("{9A19103F-16F7-4668-BE54-9A1E7A4F7556}") = "Domain", "src\Domain\Domain.csproj", "{F1BEB3EB-26BC-4981-97FA-3AB538730402}"
EndProject
Project("{9A19103F-16F7-4668-BE54-9A1E7A4F7556}") = "Application", "src\Application\Application.csproj", "{E735D546-DEAD-4EBC-978B-5F9D6B1A9ECD}"
EndProject
Project("{9A19103F-16F7-4668-BE54-9A1E7A4F7556}") = "WebApi", "src\WebApi\WebApi.csproj", "{0F89A628-DC39-4707-AA0C-173D1D684786}"
EndProject
Project("{9A19103F-16F7-4668-BE54-9A1E7A4F7556}") = "Infra.Mongo", "src\Infra.Mongo\Infra.Mongo.csproj", "{1488C4C3-AB52-449A-8D2B-A5B7F931CA13}"
EndProject
Project("{9A19103F-16F7-4668-BE54-9A1E7A4F7556}") = "Infra.Kafka.Producer", "src\Infra.Kafka.Producer\Infra.Kafka.Producer.csproj", "{232F8282-76C2-4CFF-93E0-EED2E05FA4E3}"
EndProject
Project("{9A19103F-16F7-4668-BE54-9A1E7A4F7556}") = "Infra.Kafka.Consumer", "src\Infra.Kafka.Consumer\Infra.Kafka.Consumer.csproj", "{FD545FDB-1DA5-43B1-978E-9056CD03B5F7}"
EndProject
Global
	GlobalSection(SolutionConfigurationPlatforms) = preSolution
		Debug|Any CPU = Debug|Any CPU
		Release|Any CPU = Release|Any CPU
	EndGlobalSection
	GlobalSection(ProjectConfigurationPlatforms) = postSolution
		{66AF0275-816F-49FA-B101-83714154869D}.Debug|Any CPU.ActiveCfg = Debug|Any CPU
		{66AF0275-816F-49FA-B101-83714154869D}.Debug|Any CPU.Build.0 = Debug|Any CPU
		{66AF0275-816F-49FA-B101-83714154869D}.Release|Any CPU.ActiveCfg = Release|Any CPU
		{66AF0275-816F-49FA-B101-83714154869D}.Release|Any CPU.Build.0 = Release|Any CPU
		{F1BEB3EB-26BC-4981-97FA-3AB538730402}.Debug|Any CPU.ActiveCfg = Debug|Any CPU
		{F1BEB3EB-26BC-4981-97FA-3AB538730402}.Debug|Any CPU.Build.0 = Debug|Any CPU
		{F1BEB3EB-26BC-4981-97FA-3AB538730402}.Release|Any CPU.ActiveCfg = Release|Any CPU
		{F1BEB3EB-26BC-4981-97FA-3AB538730402}.Release|Any CPU.Build.0 = Release|Any CPU
		{E735D546-DEAD-4EBC-978B-5F9D6B1A9ECD}.Debug|Any CPU.ActiveCfg = Debug|Any CPU
		{E735D546-DEAD-4EBC-978B-5F9D6B1A9ECD}.Debug|Any CPU.Build.0 = Debug|Any CPU
		{E735D546-DEAD-4EBC-978B-5F9D6B1A9ECD}.Release|Any CPU.ActiveCfg = Release|Any CPU
		{E735D546-DEAD-4EBC-978B-5F9D6B1A9ECD}.Release|Any CPU.Build.0 = Release|Any CPU
		{0F89A628-DC39-4707-AA0C-173D1D684786}.Debug|Any CPU.ActiveCfg = Debug|Any CPU
		{0F89A628-DC39-4707-AA0C-173D1D684786}.Debug|Any CPU.Build.0 = Debug|Any CPU
		{0F89A628-DC39-4707-AA0C-173D1D684786}.Release|Any CPU.ActiveCfg = Release|Any CPU
		{0F89A628-DC39-4707-AA0C-173D1D684786}.Release|Any CPU.Build.0 = Release|Any CPU
		{1488C4C3-AB52-449A-8D2B-A5B7F931CA13}.Debug|Any CPU.ActiveCfg = Debug|Any CPU
		{1488C4C3-AB52-449A-8D2B-A5B7F931CA13}.Debug|Any CPU.Build.0 = Debug|Any CPU
		{1488C4C3-AB52-449A-8D2B-A5B7F931CA13}.Release|Any CPU.ActiveCfg = Release|Any CPU
		{1488C4C3-AB52-449A-8D2B-A5B7F931CA13}.Release|Any CPU.Build.0 = Release|Any CPU
		{232F8282-76C2-4CFF-93E0-EED2E05FA4E3}.Debug|Any CPU.ActiveCfg = Debug|Any CPU
		{232F8282-76C2-4CFF-93E0-EED2E05FA4E3}.Debug|Any CPU.Build.0 = Debug|Any CPU
		{232F8282-76C2-4CFF-93E0-EED2E05FA4E3}.Release|Any CPU.ActiveCfg = Release|Any CPU
		{232F8282-76C2-4CFF-93E0-EED2E05FA4E3}.Release|Any CPU.Build.0 = Release|Any CPU
		{FD545FDB-1DA5-43B1-978E-9056CD03B5F7}.Debug|Any CPU.ActiveCfg = Debug|Any CPU
		{FD545FDB-1DA5-43B1-978E-9056CD03B5F7}.Debug|Any CPU.Build.0 = Debug|Any CPU
		{FD545FDB-1DA5-43B1-978E-9056CD03B5F7}.Release|Any CPU.ActiveCfg = Release|Any CPU
		{FD545FDB-1DA5-43B1-978E-9056CD03B5F7}.Release|Any CPU.Build.0 = Release|Any CPU
	EndGlobalSection
	GlobalSection(SolutionProperties) = preSolution
		HideSolutionNode = FALSE
	EndGlobalSection
	GlobalSection(NestedProjects) = preSolution
		{66AF0275-816F-49FA-B101-83714154869D} = {3DCEE8A5-B690-4039-92FB-28CE1B5B2CDA}
		{F1BEB3EB-26BC-4981-97FA-3AB538730402} = {3304BE2D-ACA1-47A1-920B-61286B5EB15E}
		{E735D546-DEAD-4EBC-978B-5F9D6B1A9ECD} = {3304BE2D-ACA1-47A1-920B-61286B5EB15E}
		{0F89A628-DC39-4707-AA0C-173D1D684786} = {3304BE2D-ACA1-47A1-920B-61286B5EB15E}
		{1488C4C3-AB52-449A-8D2B-A5B7F931CA13} = {3304BE2D-ACA1-47A1-920B-61286B5EB15E}
		{232F8282-76C2-4CFF-93E0-EED2E05FA4E3} = {3304BE2D-ACA1-47A1-920B-61286B5EB15E}
		{FD545FDB-1DA5-43B1-978E-9056CD03B5F7} = {3304BE2D-ACA1-47A1-920B-61286B5EB15E}
	EndGlobalSection
	GlobalSection(ExtensibilityGlobals) = postSolution
		SolutionGuid = {6946575E-1605-4AFF-A964-B45646B3F0A1}
	EndGlobalSection
EndGlobal
